PODS:
  - dart_ui_isolate (0.0.1):
    - FlutterMacOS
  - FlutterMacOS (1.0.0)

DEPENDENCIES:
  - dart_ui_isolate (from `Flutter/ephemeral/.symlinks/plugins/dart_ui_isolate/macos`)
  - FlutterMacOS (from `Flutter/ephemeral`)

EXTERNAL SOURCES:
  dart_ui_isolate:
    :path: Flutter/ephemeral/.symlinks/plugins/dart_ui_isolate/macos
  FlutterMacOS:
    :path: Flutter/ephemeral

SPEC CHECKSUMS:
  dart_ui_isolate: a88cb711979c22393de1a6658a809b33f7b4e0a1
  FlutterMacOS: 8f6f14fa908a6fb3fba0cd85dbd81ec4b251fb24

PODFILE CHECKSUM: 236401fc2c932af29a9fcf0e97baeeb2d750d367

COCOAPODS: 1.14.3
